
Microsoft Visual Studio Solution File, Format Version 12.00
# Visual Studio Version 17
VisualStudioVersion = 17.9.34616.47
MinimumVisualStudioVersion = 10.0.40219.1
Project("{9A19103F-16F7-4668-BE54-9A1E7A4F7556}") = "ItemBoxStore.API", "Hosts\ItemBoxStore.API\ItemBoxStore.API.csproj", "{7CCC953E-A29A-434E-96E7-9B2D00854447}"
EndProject
Project("{9A19103F-16F7-4668-BE54-9A1E7A4F7556}") = "ItemBoxStore.Domain", "Domain\ItemBoxStore.Domain\ItemBoxStore.Domain.csproj", "{B79E0A10-010C-43FD-92D8-63A88F73D741}"
EndProject
Project("{9A19103F-16F7-4668-BE54-9A1E7A4F7556}") = "ItemBoxStore.Application", "Application\ItemBoxStore.Application\ItemBoxStore.Application.csproj", "{4D9349E4-E31E-4068-8C0D-2F5F44A3E4E5}"
EndProject
Project("{9A19103F-16F7-4668-BE54-9A1E7A4F7556}") = "ItemBoxStore.Infrastructure", "Infrastructure\ItemBoxStore.Infrastructure\ItemBoxStore.Infrastructure.csproj", "{0B21F619-9F9A-43B2-A582-8D6D0EE4C76D}"
EndProject
Project("{9A19103F-16F7-4668-BE54-9A1E7A4F7556}") = "ItemBoxStore.Contracts", "Contracts\ItemBoxStore.Contracts\ItemBoxStore.Contracts.csproj", "{EE6D94C8-D232-48E9-ACD8-04D90B96F443}"
EndProject
Project("{2150E333-8FDC-42A3-9474-1A3956D46DE8}") = "DbMigrator", "DbMigrator", "{82F6E638-E3B5-4951-A143-B7C959791718}"
EndProject
Project("{9A19103F-16F7-4668-BE54-9A1E7A4F7556}") = "ItemBoxStore.DbMigrator", "DbMigrator\ItemBoxStore.DbMigrator.csproj", "{3803A0AA-9323-466A-BD92-EEDBF85231BD}"
EndProject
Project("{2150E333-8FDC-42A3-9474-1A3956D46DE8}") = "Tests", "Tests", "{75A74D53-7F09-472F-B776-8436EF9C0277}"
EndProject
Project("{FAE04EC0-301F-11D3-BF4B-00C04F79EFBC}") = "Academy.ItemBoxStore.UnitTests", "Tests\Academy.ItemBoxStore.UnitTests\Academy.ItemBoxStore.UnitTests.csproj", "{17299542-1946-43BC-9CBF-282DF85D5252}"
EndProject
Global
	GlobalSection(SolutionConfigurationPlatforms) = preSolution
		Debug|Any CPU = Debug|Any CPU
		Release|Any CPU = Release|Any CPU
	EndGlobalSection
	GlobalSection(ProjectConfigurationPlatforms) = postSolution
		{7CCC953E-A29A-434E-96E7-9B2D00854447}.Debug|Any CPU.ActiveCfg = Debug|Any CPU
		{7CCC953E-A29A-434E-96E7-9B2D00854447}.Debug|Any CPU.Build.0 = Debug|Any CPU
		{7CCC953E-A29A-434E-96E7-9B2D00854447}.Release|Any CPU.ActiveCfg = Release|Any CPU
		{7CCC953E-A29A-434E-96E7-9B2D00854447}.Release|Any CPU.Build.0 = Release|Any CPU
		{B79E0A10-010C-43FD-92D8-63A88F73D741}.Debug|Any CPU.ActiveCfg = Debug|Any CPU
		{B79E0A10-010C-43FD-92D8-63A88F73D741}.Debug|Any CPU.Build.0 = Debug|Any CPU
		{B79E0A10-010C-43FD-92D8-63A88F73D741}.Release|Any CPU.ActiveCfg = Release|Any CPU
		{B79E0A10-010C-43FD-92D8-63A88F73D741}.Release|Any CPU.Build.0 = Release|Any CPU
		{4D9349E4-E31E-4068-8C0D-2F5F44A3E4E5}.Debug|Any CPU.ActiveCfg = Debug|Any CPU
		{4D9349E4-E31E-4068-8C0D-2F5F44A3E4E5}.Debug|Any CPU.Build.0 = Debug|Any CPU
		{4D9349E4-E31E-4068-8C0D-2F5F44A3E4E5}.Release|Any CPU.ActiveCfg = Release|Any CPU
		{4D9349E4-E31E-4068-8C0D-2F5F44A3E4E5}.Release|Any CPU.Build.0 = Release|Any CPU
		{0B21F619-9F9A-43B2-A582-8D6D0EE4C76D}.Debug|Any CPU.ActiveCfg = Debug|Any CPU
		{0B21F619-9F9A-43B2-A582-8D6D0EE4C76D}.Debug|Any CPU.Build.0 = Debug|Any CPU
		{0B21F619-9F9A-43B2-A582-8D6D0EE4C76D}.Release|Any CPU.ActiveCfg = Release|Any CPU
		{0B21F619-9F9A-43B2-A582-8D6D0EE4C76D}.Release|Any CPU.Build.0 = Release|Any CPU
		{EE6D94C8-D232-48E9-ACD8-04D90B96F443}.Debug|Any CPU.ActiveCfg = Debug|Any CPU
		{EE6D94C8-D232-48E9-ACD8-04D90B96F443}.Debug|Any CPU.Build.0 = Debug|Any CPU
		{EE6D94C8-D232-48E9-ACD8-04D90B96F443}.Release|Any CPU.ActiveCfg = Release|Any CPU
		{EE6D94C8-D232-48E9-ACD8-04D90B96F443}.Release|Any CPU.Build.0 = Release|Any CPU
		{3803A0AA-9323-466A-BD92-EEDBF85231BD}.Debug|Any CPU.ActiveCfg = Debug|Any CPU
		{3803A0AA-9323-466A-BD92-EEDBF85231BD}.Debug|Any CPU.Build.0 = Debug|Any CPU
		{3803A0AA-9323-466A-BD92-EEDBF85231BD}.Release|Any CPU.ActiveCfg = Release|Any CPU
		{3803A0AA-9323-466A-BD92-EEDBF85231BD}.Release|Any CPU.Build.0 = Release|Any CPU
		{17299542-1946-43BC-9CBF-282DF85D5252}.Debug|Any CPU.ActiveCfg = Debug|Any CPU
		{17299542-1946-43BC-9CBF-282DF85D5252}.Debug|Any CPU.Build.0 = Debug|Any CPU
		{17299542-1946-43BC-9CBF-282DF85D5252}.Release|Any CPU.ActiveCfg = Release|Any CPU
		{17299542-1946-43BC-9CBF-282DF85D5252}.Release|Any CPU.Build.0 = Release|Any CPU
	EndGlobalSection
	GlobalSection(SolutionProperties) = preSolution
		HideSolutionNode = FALSE
	EndGlobalSection
	GlobalSection(NestedProjects) = preSolution
		{3803A0AA-9323-466A-BD92-EEDBF85231BD} = {82F6E638-E3B5-4951-A143-B7C959791718}
		{17299542-1946-43BC-9CBF-282DF85D5252} = {75A74D53-7F09-472F-B776-8436EF9C0277}
	EndGlobalSection
	GlobalSection(ExtensibilityGlobals) = postSolution
		SolutionGuid = {E138B647-0ACD-43A3-81D5-BAF8410B467F}
	EndGlobalSection
EndGlobal
